
Microsoft Visual Studio Solution File, Format Version 12.00
# Visual Studio Version 16
VisualStudioVersion = 16.0.29911.84
MinimumVisualStudioVersion = 10.0.40219.1
Project("{2150E333-8FDC-42A3-9474-1A3956D46DE8}") = "src", "src", "{1D14BB04-F84D-472C-BAD5-315D2A154429}"
EndProject
Project("{2150E333-8FDC-42A3-9474-1A3956D46DE8}") = "tests", "tests", "{443E916C-2EAA-46C8-A98F-EE8B3A44C108}"
EndProject
Project("{FAE04EC0-301F-11D3-BF4B-00C04F79EFBC}") = "Alura.LeilaoOnline.Core", "Alura.LeilaoOnline.Core\Alura.LeilaoOnline.Core.csproj", "{8F079711-F104-409B-8CD7-7EF02E3049BF}"
EndProject
Global
	GlobalSection(SolutionConfigurationPlatforms) = preSolution
		Debug|Any CPU = Debug|Any CPU
		Release|Any CPU = Release|Any CPU
	EndGlobalSection
	GlobalSection(ProjectConfigurationPlatforms) = postSolution
		{8F079711-F104-409B-8CD7-7EF02E3049BF}.Debug|Any CPU.ActiveCfg = Debug|Any CPU
		{8F079711-F104-409B-8CD7-7EF02E3049BF}.Debug|Any CPU.Build.0 = Debug|Any CPU
		{8F079711-F104-409B-8CD7-7EF02E3049BF}.Release|Any CPU.ActiveCfg = Release|Any CPU
		{8F079711-F104-409B-8CD7-7EF02E3049BF}.Release|Any CPU.Build.0 = Release|Any CPU
	EndGlobalSection
	GlobalSection(SolutionProperties) = preSolution
		HideSolutionNode = FALSE
	EndGlobalSection
	GlobalSection(NestedProjects) = preSolution
		{8F079711-F104-409B-8CD7-7EF02E3049BF} = {1D14BB04-F84D-472C-BAD5-315D2A154429}
	EndGlobalSection
	GlobalSection(ExtensibilityGlobals) = postSolution
		SolutionGuid = {89946369-D967-4E3D-BC68-9EAA8DFB5E4F}
	EndGlobalSection
EndGlobal
